
Microsoft Visual Studio Solution File, Format Version 12.00
# Visual Studio Version 17
VisualStudioVersion = 17.10.34928.147
MinimumVisualStudioVersion = 10.0.40219.1
Project("{FAE04EC0-301F-11D3-BF4B-00C04F79EFBC}") = "API_Matriculas", "API_Matriculas\API_Matriculas.csproj", "{99FB1624-E741-4033-BF35-F74328AB04D1}"
EndProject
Project("{FAE04EC0-301F-11D3-BF4B-00C04F79EFBC}") = "Entities", "Entities\Entities.csproj", "{894005E8-6EB2-4834-860C-49BAC810BD1E}"
EndProject
Project("{FAE04EC0-301F-11D3-BF4B-00C04F79EFBC}") = "Services", "Services\Services.csproj", "{80CD96A3-6BBF-4BD4-B5A2-63FE0BCB313E}"
EndProject
Global
	GlobalSection(SolutionConfigurationPlatforms) = preSolution
		Debug|Any CPU = Debug|Any CPU
		Release|Any CPU = Release|Any CPU
	EndGlobalSection
	GlobalSection(ProjectConfigurationPlatforms) = postSolution
		{99FB1624-E741-4033-BF35-F74328AB04D1}.Debug|Any CPU.ActiveCfg = Debug|Any CPU
		{99FB1624-E741-4033-BF35-F74328AB04D1}.Debug|Any CPU.Build.0 = Debug|Any CPU
		{99FB1624-E741-4033-BF35-F74328AB04D1}.Release|Any CPU.ActiveCfg = Release|Any CPU
		{99FB1624-E741-4033-BF35-F74328AB04D1}.Release|Any CPU.Build.0 = Release|Any CPU
		{894005E8-6EB2-4834-860C-49BAC810BD1E}.Debug|Any CPU.ActiveCfg = Debug|Any CPU
		{894005E8-6EB2-4834-860C-49BAC810BD1E}.Debug|Any CPU.Build.0 = Debug|Any CPU
		{894005E8-6EB2-4834-860C-49BAC810BD1E}.Release|Any CPU.ActiveCfg = Release|Any CPU
		{894005E8-6EB2-4834-860C-49BAC810BD1E}.Release|Any CPU.Build.0 = Release|Any CPU
		{80CD96A3-6BBF-4BD4-B5A2-63FE0BCB313E}.Debug|Any CPU.ActiveCfg = Debug|Any CPU
		{80CD96A3-6BBF-4BD4-B5A2-63FE0BCB313E}.Debug|Any CPU.Build.0 = Debug|Any CPU
		{80CD96A3-6BBF-4BD4-B5A2-63FE0BCB313E}.Release|Any CPU.ActiveCfg = Release|Any CPU
		{80CD96A3-6BBF-4BD4-B5A2-63FE0BCB313E}.Release|Any CPU.Build.0 = Release|Any CPU
	EndGlobalSection
	GlobalSection(SolutionProperties) = preSolution
		HideSolutionNode = FALSE
	EndGlobalSection
	GlobalSection(ExtensibilityGlobals) = postSolution
		SolutionGuid = {858346BD-6B46-45EB-887A-12858A0A8FDA}
	EndGlobalSection
EndGlobal
